
Microsoft Visual Studio Solution File, Format Version 12.00
# Visual Studio Version 17
VisualStudioVersion = 17.4.33122.133
MinimumVisualStudioVersion = 10.0.40219.1
Project("{FAE04EC0-301F-11D3-BF4B-00C04F79EFBC}") = "practiceofLamdaExpressions", "practiceofLamdaExpressions.csproj", "{421E28F0-A116-4747-8E83-774779DA475D}"
EndProject
Global
	GlobalSection(SolutionConfigurationPlatforms) = preSolution
		Debug|Any CPU = Debug|Any CPU
		Release|Any CPU = Release|Any CPU
	EndGlobalSection
	GlobalSection(ProjectConfigurationPlatforms) = postSolution
		{421E28F0-A116-4747-8E83-774779DA475D}.Debug|Any CPU.ActiveCfg = Debug|Any CPU
		{421E28F0-A116-4747-8E83-774779DA475D}.Debug|Any CPU.Build.0 = Debug|Any CPU
		{421E28F0-A116-4747-8E83-774779DA475D}.Release|Any CPU.ActiveCfg = Release|Any CPU
		{421E28F0-A116-4747-8E83-774779DA475D}.Release|Any CPU.Build.0 = Release|Any CPU
	EndGlobalSection
	GlobalSection(SolutionProperties) = preSolution
		HideSolutionNode = FALSE
	EndGlobalSection
	GlobalSection(ExtensibilityGlobals) = postSolution
		SolutionGuid = {EAA1A1FE-5888-4549-B991-A74C890E7765}
	EndGlobalSection
EndGlobal
